<?xml version="1.0" encoding="utf-8"?>
<Project ToolsVersion="4.0" xmlns="http://schemas.microsoft.com/developer/msbuild/2003">
  <ItemGroup>
    <Filter Include="Core">
      <UniqueIdentifier>{1924d1f0-bfb4-43cf-9433-b13ba3cb8c82}</UniqueIdentifier>
    </Filter>
  </ItemGroup>
  <ItemGroup>
    <ClCompile Include="$(MSBuildThisFileDirectory)Window.cpp">
      <Filter>Core</Filter>
    </ClCompile>
    <ClCompile Include="$(MSBuildThisFileDirectory)Renderer.cpp">
      <Filter>Core</Filter>
    </ClCompile>
    <ClCompile Include="$(MSBuildThisFileDirectory)Application.cpp" />
  </ItemGroup>
  <ItemGroup>
    <ClInclude Include="$(MSBuildThisFileDirectory)Window.h">
      <Filter>Core</Filter>
    </ClInclude>
    <ClInclude Include="$(MSBuildThisFileDirectory)Renderer.h">
      <Filter>Core</Filter>
    </ClInclude>
    <ClInclude Include="$(MSBuildThisFileDirectory)Application.h" />
  </ItemGroup>
</Project>